// !$*UTF8*$!
{
	archiveVersion = 1;
	classes = {
	};
	objectVersion = 46;
	objects = {

/* Begin PBXBuildFile section */
		371798FE1B815D9E00849151 /* ParseClient.swift in Sources */ = {isa = PBXBuildFile; fileRef = 37F1EA971B74D4E4006AF3BF /* ParseClient.swift */; };
		371799001B81723200849151 /* LocationTableViewController.swift in Sources */ = {isa = PBXBuildFile; fileRef = 371798FF1B81723200849151 /* LocationTableViewController.swift */; };
		371799021B8175D300849151 /* LocationTableViewCell.swift in Sources */ = {isa = PBXBuildFile; fileRef = 371799011B8175D300849151 /* LocationTableViewCell.swift */; };
		371799041B83A13C00849151 /* MapViewController.swift in Sources */ = {isa = PBXBuildFile; fileRef = 371799031B83A13C00849151 /* MapViewController.swift */; };
		371EBBD81B8976000002D58A /* HRToast+UIView.swift in Sources */ = {isa = PBXBuildFile; fileRef = 371EBBD71B8976000002D58A /* HRToast+UIView.swift */; };
		371EBBDA1B8D3B8B0002D58A /* UIViewControllerExtension.swift in Sources */ = {isa = PBXBuildFile; fileRef = 371EBBD91B8D3B8B0002D58A /* UIViewControllerExtension.swift */; };
		3738B9331B83D9D70046E47D /* AddLocationViewController.swift in Sources */ = {isa = PBXBuildFile; fileRef = 3738B9321B83D9D70046E47D /* AddLocationViewController.swift */; };
		3738B9361B852A500046E47D /* GetLinkViewController.swift in Sources */ = {isa = PBXBuildFile; fileRef = 3738B9351B852A500046E47D /* GetLinkViewController.swift */; };
		374B61271B6EA61D00A40985 /* AppDelegate.swift in Sources */ = {isa = PBXBuildFile; fileRef = 374B61261B6EA61D00A40985 /* AppDelegate.swift */; };
		374B61291B6EA61D00A40985 /* LoginViewController.swift in Sources */ = {isa = PBXBuildFile; fileRef = 374B61281B6EA61D00A40985 /* LoginViewController.swift */; };
		374B612C1B6EA61D00A40985 /* Main.storyboard in Resources */ = {isa = PBXBuildFile; fileRef = 374B612A1B6EA61D00A40985 /* Main.storyboard */; };
		374B612E1B6EA61D00A40985 /* Images.xcassets in Resources */ = {isa = PBXBuildFile; fileRef = 374B612D1B6EA61D00A40985 /* Images.xcassets */; };
		374B61311B6EA61D00A40985 /* LaunchScreen.xib in Resources */ = {isa = PBXBuildFile; fileRef = 374B612F1B6EA61D00A40985 /* LaunchScreen.xib */; };
		374B61621B6EAC4900A40985 /* Roboto-Medium.ttf in Resources */ = {isa = PBXBuildFile; fileRef = 374B61501B6EAC4900A40985 /* Roboto-Medium.ttf */; };
		374B61631B6EAC4900A40985 /* Roboto-Regular.ttf in Resources */ = {isa = PBXBuildFile; fileRef = 374B61511B6EAC4900A40985 /* Roboto-Regular.ttf */; };
		374B61641B6EAC4900A40985 /* Roboto-Thin.ttf in Resources */ = {isa = PBXBuildFile; fileRef = 374B61521B6EAC4900A40985 /* Roboto-Thin.ttf */; };
		374B61651B6EAC4900A40985 /* list.pdf in Resources */ = {isa = PBXBuildFile; fileRef = 374B61541B6EAC4900A40985 /* list.pdf */; };
		374B61661B6EAC4900A40985 /* map.pdf in Resources */ = {isa = PBXBuildFile; fileRef = 374B61551B6EAC4900A40985 /* map.pdf */; };
		374B61671B6EAC4900A40985 /* OnTheMap_1024.png in Resources */ = {isa = PBXBuildFile; fileRef = 374B61561B6EAC4900A40985 /* OnTheMap_1024.png */; };
		374B61681B6EAC4900A40985 /* OnTheMap_120.png in Resources */ = {isa = PBXBuildFile; fileRef = 374B61571B6EAC4900A40985 /* OnTheMap_120.png */; };
		374B61691B6EAC4900A40985 /* OnTheMap_152.png in Resources */ = {isa = PBXBuildFile; fileRef = 374B61581B6EAC4900A40985 /* OnTheMap_152.png */; };
		374B616A1B6EAC4900A40985 /* OnTheMap_180.png in Resources */ = {isa = PBXBuildFile; fileRef = 374B61591B6EAC4900A40985 /* OnTheMap_180.png */; };
		374B616B1B6EAC4900A40985 /* OnTheMap_29.png in Resources */ = {isa = PBXBuildFile; fileRef = 374B615A1B6EAC4900A40985 /* OnTheMap_29.png */; };
		374B616C1B6EAC4900A40985 /* OnTheMap_40.png in Resources */ = {isa = PBXBuildFile; fileRef = 374B615B1B6EAC4900A40985 /* OnTheMap_40.png */; };
		374B616D1B6EAC4900A40985 /* OnTheMap_512.png in Resources */ = {isa = PBXBuildFile; fileRef = 374B615C1B6EAC4900A40985 /* OnTheMap_512.png */; };
		374B616E1B6EAC4900A40985 /* OnTheMap_58.png in Resources */ = {isa = PBXBuildFile; fileRef = 374B615D1B6EAC4900A40985 /* OnTheMap_58.png */; };
		374B616F1B6EAC4900A40985 /* OnTheMap_76.png in Resources */ = {isa = PBXBuildFile; fileRef = 374B615E1B6EAC4900A40985 /* OnTheMap_76.png */; };
		374B61701B6EAC4900A40985 /* OnTheMap_80.png in Resources */ = {isa = PBXBuildFile; fileRef = 374B615F1B6EAC4900A40985 /* OnTheMap_80.png */; };
		374B61711B6EAC4900A40985 /* pin.pdf in Resources */ = {isa = PBXBuildFile; fileRef = 374B61601B6EAC4900A40985 /* pin.pdf */; };
		374B61721B6EAC4900A40985 /* udacity.pdf in Resources */ = {isa = PBXBuildFile; fileRef = 374B61611B6EAC4900A40985 /* udacity.pdf */; };
		3772023C1B88F6C6008312AB /* AppDelegate.swift in Sources */ = {isa = PBXBuildFile; fileRef = 374B61261B6EA61D00A40985 /* AppDelegate.swift */; };
		377F40B81B70D32A000B8A38 /* UdacityConstants.swift in Sources */ = {isa = PBXBuildFile; fileRef = 377F40B71B70D32A000B8A38 /* UdacityConstants.swift */; };
		377F40BA1B70D398000B8A38 /* UdacityClient.swift in Sources */ = {isa = PBXBuildFile; fileRef = 377F40B91B70D398000B8A38 /* UdacityClient.swift */; };
		379063341B72A47F00EABF2C /* Bolts.framework in Frameworks */ = {isa = PBXBuildFile; fileRef = 3790632E1B72A47F00EABF2C /* Bolts.framework */; };
		379063351B72A47F00EABF2C /* Bolts.framework in Frameworks */ = {isa = PBXBuildFile; fileRef = 3790632E1B72A47F00EABF2C /* Bolts.framework */; };
		379063361B72A47F00EABF2C /* Parse.framework in Frameworks */ = {isa = PBXBuildFile; fileRef = 3790632F1B72A47F00EABF2C /* Parse.framework */; };
		379063371B72A47F00EABF2C /* Parse.framework in Frameworks */ = {isa = PBXBuildFile; fileRef = 3790632F1B72A47F00EABF2C /* Parse.framework */; };
		379063381B72A47F00EABF2C /* ParseCrashReporting.framework in Frameworks */ = {isa = PBXBuildFile; fileRef = 379063301B72A47F00EABF2C /* ParseCrashReporting.framework */; };
		379063391B72A47F00EABF2C /* ParseCrashReporting.framework in Frameworks */ = {isa = PBXBuildFile; fileRef = 379063301B72A47F00EABF2C /* ParseCrashReporting.framework */; };
		3790633A1B72A47F00EABF2C /* ParseFacebookUtils.framework in Frameworks */ = {isa = PBXBuildFile; fileRef = 379063311B72A47F00EABF2C /* ParseFacebookUtils.framework */; };
		3790633B1B72A47F00EABF2C /* ParseFacebookUtils.framework in Frameworks */ = {isa = PBXBuildFile; fileRef = 379063311B72A47F00EABF2C /* ParseFacebookUtils.framework */; };
		3790633C1B72A47F00EABF2C /* ParseFacebookUtilsV4.framework in Frameworks */ = {isa = PBXBuildFile; fileRef = 379063321B72A47F00EABF2C /* ParseFacebookUtilsV4.framework */; };
		3790633D1B72A47F00EABF2C /* ParseFacebookUtilsV4.framework in Frameworks */ = {isa = PBXBuildFile; fileRef = 379063321B72A47F00EABF2C /* ParseFacebookUtilsV4.framework */; };
		3790633E1B72A47F00EABF2C /* ParseUI.framework in Frameworks */ = {isa = PBXBuildFile; fileRef = 379063331B72A47F00EABF2C /* ParseUI.framework */; };
		3790633F1B72A47F00EABF2C /* ParseUI.framework in Frameworks */ = {isa = PBXBuildFile; fileRef = 379063331B72A47F00EABF2C /* ParseUI.framework */; };
		379063411B72A4D400EABF2C /* AudioToolbox.framework in Frameworks */ = {isa = PBXBuildFile; fileRef = 379063401B72A4D400EABF2C /* AudioToolbox.framework */; };
		379063431B72A4DA00EABF2C /* CFNetwork.framework in Frameworks */ = {isa = PBXBuildFile; fileRef = 379063421B72A4D900EABF2C /* CFNetwork.framework */; };
		379063451B72A4E000EABF2C /* CoreGraphics.framework in Frameworks */ = {isa = PBXBuildFile; fileRef = 379063441B72A4E000EABF2C /* CoreGraphics.framework */; };
		379063471B72A4EA00EABF2C /* CoreLocation.framework in Frameworks */ = {isa = PBXBuildFile; fileRef = 379063461B72A4EA00EABF2C /* CoreLocation.framework */; };
		379063491B72A4F600EABF2C /* QuartzCore.framework in Frameworks */ = {isa = PBXBuildFile; fileRef = 379063481B72A4F600EABF2C /* QuartzCore.framework */; };
		3790634B1B72A50100EABF2C /* Security.framework in Frameworks */ = {isa = PBXBuildFile; fileRef = 3790634A1B72A50100EABF2C /* Security.framework */; };
		3790634D1B72A50800EABF2C /* StoreKit.framework in Frameworks */ = {isa = PBXBuildFile; fileRef = 3790634C1B72A50800EABF2C /* StoreKit.framework */; };
		3790634F1B72A51200EABF2C /* SystemConfiguration.framework in Frameworks */ = {isa = PBXBuildFile; fileRef = 3790634E1B72A51200EABF2C /* SystemConfiguration.framework */; };
		379063511B72A51B00EABF2C /* libz.dylib in Frameworks */ = {isa = PBXBuildFile; fileRef = 379063501B72A51B00EABF2C /* libz.dylib */; };
		379063531B72A52400EABF2C /* libsqlite3.dylib in Frameworks */ = {isa = PBXBuildFile; fileRef = 379063521B72A52400EABF2C /* libsqlite3.dylib */; };
		379063541B72A68A00EABF2C /* AudioToolbox.framework in Frameworks */ = {isa = PBXBuildFile; fileRef = 379063401B72A4D400EABF2C /* AudioToolbox.framework */; };
		379063551B72A69100EABF2C /* CFNetwork.framework in Frameworks */ = {isa = PBXBuildFile; fileRef = 379063421B72A4D900EABF2C /* CFNetwork.framework */; };
		379063561B72A69600EABF2C /* CoreGraphics.framework in Frameworks */ = {isa = PBXBuildFile; fileRef = 379063441B72A4E000EABF2C /* CoreGraphics.framework */; };
		379063571B72A69B00EABF2C /* CoreLocation.framework in Frameworks */ = {isa = PBXBuildFile; fileRef = 379063461B72A4EA00EABF2C /* CoreLocation.framework */; };
		379063581B72A69F00EABF2C /* QuartzCore.framework in Frameworks */ = {isa = PBXBuildFile; fileRef = 379063481B72A4F600EABF2C /* QuartzCore.framework */; };
		379063591B72A6A400EABF2C /* Security.framework in Frameworks */ = {isa = PBXBuildFile; fileRef = 3790634A1B72A50100EABF2C /* Security.framework */; };
		3790635A1B72A6A900EABF2C /* StoreKit.framework in Frameworks */ = {isa = PBXBuildFile; fileRef = 3790634C1B72A50800EABF2C /* StoreKit.framework */; };
		3790635B1B72A6AF00EABF2C /* SystemConfiguration.framework in Frameworks */ = {isa = PBXBuildFile; fileRef = 3790634E1B72A51200EABF2C /* SystemConfiguration.framework */; };
		3790635C1B72A6B500EABF2C /* libz.dylib in Frameworks */ = {isa = PBXBuildFile; fileRef = 379063501B72A51B00EABF2C /* libz.dylib */; };
		3790635D1B72A6BB00EABF2C /* libsqlite3.dylib in Frameworks */ = {isa = PBXBuildFile; fileRef = 379063521B72A52400EABF2C /* libsqlite3.dylib */; };
		3790635E1B72F2E700EABF2C /* ClientAPILibrary.swift in Sources */ = {isa = PBXBuildFile; fileRef = 37EF16331B715A810088F6FC /* ClientAPILibrary.swift */; };
		3790635F1B72F2EF00EABF2C /* ClientAPILibrary.swift in Sources */ = {isa = PBXBuildFile; fileRef = 37EF16331B715A810088F6FC /* ClientAPILibrary.swift */; };
		379063611B72F71C00EABF2C /* UdacityUser.swift in Sources */ = {isa = PBXBuildFile; fileRef = 379063601B72F71C00EABF2C /* UdacityUser.swift */; };
		379063621B72F71C00EABF2C /* UdacityUser.swift in Sources */ = {isa = PBXBuildFile; fileRef = 379063601B72F71C00EABF2C /* UdacityUser.swift */; };
		37A749D51B73106D00ACE6DA /* Object_Class_Tests.swift in Sources */ = {isa = PBXBuildFile; fileRef = 37A749D41B73106D00ACE6DA /* Object_Class_Tests.swift */; };
		37A749D71B73842800ACE6DA /* StudentLocation.swift in Sources */ = {isa = PBXBuildFile; fileRef = 37A749D61B73842800ACE6DA /* StudentLocation.swift */; };
		37A749DB1B73889400ACE6DA /* Parse_Tests.swift in Sources */ = {isa = PBXBuildFile; fileRef = 37A749DA1B73889400ACE6DA /* Parse_Tests.swift */; };
		37A749DC1B7389F300ACE6DA /* StudentLocation.swift in Sources */ = {isa = PBXBuildFile; fileRef = 37A749D61B73842800ACE6DA /* StudentLocation.swift */; };
		37EF16211B713FDD0088F6FC /* On_The_Map_Tests.swift in Sources */ = {isa = PBXBuildFile; fileRef = 37EF16201B713FDD0088F6FC /* On_The_Map_Tests.swift */; };
		37EF162F1B7142CC0088F6FC /* UdacityConstants.swift in Sources */ = {isa = PBXBuildFile; fileRef = 377F40B71B70D32A000B8A38 /* UdacityConstants.swift */; };
		37EF16301B7142CC0088F6FC /* UdacityClient.swift in Sources */ = {isa = PBXBuildFile; fileRef = 377F40B91B70D398000B8A38 /* UdacityClient.swift */; };
		37F1EA981B74D4E4006AF3BF /* ParseClient.swift in Sources */ = {isa = PBXBuildFile; fileRef = 37F1EA971B74D4E4006AF3BF /* ParseClient.swift */; };
/* End PBXBuildFile section */

/* Begin PBXContainerItemProxy section */
		374678A81B87429F0072D4CD /* PBXContainerItemProxy */ = {
			isa = PBXContainerItemProxy;
			containerPortal = 374B61191B6EA61D00A40985 /* Project object */;
			proxyType = 1;
			remoteGlobalIDString = 374B61201B6EA61D00A40985;
			remoteInfo = "On The Map";
		};
/* End PBXContainerItemProxy section */

/* Begin PBXFileReference section */
		371798FF1B81723200849151 /* LocationTableViewController.swift */ = {isa = PBXFileReference; fileEncoding = 4; lastKnownFileType = sourcecode.swift; path = LocationTableViewController.swift; sourceTree = "<group>"; };
		371799011B8175D300849151 /* LocationTableViewCell.swift */ = {isa = PBXFileReference; fileEncoding = 4; lastKnownFileType = sourcecode.swift; path = LocationTableViewCell.swift; sourceTree = "<group>"; };
		371799031B83A13C00849151 /* MapViewController.swift */ = {isa = PBXFileReference; fileEncoding = 4; lastKnownFileType = sourcecode.swift; lineEnding = 0; path = MapViewController.swift; sourceTree = "<group>"; xcLanguageSpecificationIdentifier = xcode.lang.swift; };
		371EBBD71B8976000002D58A /* HRToast+UIView.swift */ = {isa = PBXFileReference; fileEncoding = 4; lastKnownFileType = sourcecode.swift; path = "HRToast+UIView.swift"; sourceTree = "<group>"; };
		371EBBD91B8D3B8B0002D58A /* UIViewControllerExtension.swift */ = {isa = PBXFileReference; fileEncoding = 4; lastKnownFileType = sourcecode.swift; path = UIViewControllerExtension.swift; sourceTree = "<group>"; };
		3738B9321B83D9D70046E47D /* AddLocationViewController.swift */ = {isa = PBXFileReference; fileEncoding = 4; lastKnownFileType = sourcecode.swift; path = AddLocationViewController.swift; sourceTree = "<group>"; };
		3738B9341B8510FC0046E47D /* MapPlayground.playground */ = {isa = PBXFileReference; lastKnownFileType = file.playground; path = MapPlayground.playground; sourceTree = "<group>"; };
		3738B9351B852A500046E47D /* GetLinkViewController.swift */ = {isa = PBXFileReference; fileEncoding = 4; lastKnownFileType = sourcecode.swift; path = GetLinkViewController.swift; sourceTree = "<group>"; };
		374B61211B6EA61D00A40985 /* On The Map.app */ = {isa = PBXFileReference; explicitFileType = wrapper.application; includeInIndex = 0; path = "On The Map.app"; sourceTree = BUILT_PRODUCTS_DIR; };
		374B61251B6EA61D00A40985 /* Info.plist */ = {isa = PBXFileReference; lastKnownFileType = text.plist.xml; path = Info.plist; sourceTree = "<group>"; };
		374B61261B6EA61D00A40985 /* AppDelegate.swift */ = {isa = PBXFileReference; lastKnownFileType = sourcecode.swift; path = AppDelegate.swift; sourceTree = "<group>"; };
		374B61281B6EA61D00A40985 /* LoginViewController.swift */ = {isa = PBXFileReference; lastKnownFileType = sourcecode.swift; path = LoginViewController.swift; sourceTree = "<group>"; };
		374B612B1B6EA61D00A40985 /* Base */ = {isa = PBXFileReference; lastKnownFileType = file.storyboard; name = Base; path = Base.lproj/Main.storyboard; sourceTree = "<group>"; };
		374B612D1B6EA61D00A40985 /* Images.xcassets */ = {isa = PBXFileReference; lastKnownFileType = folder.assetcatalog; path = Images.xcassets; sourceTree = "<group>"; };
		374B61301B6EA61D00A40985 /* Base */ = {isa = PBXFileReference; lastKnownFileType = file.xib; name = Base; path = Base.lproj/LaunchScreen.xib; sourceTree = "<group>"; };
		374B61501B6EAC4900A40985 /* Roboto-Medium.ttf */ = {isa = PBXFileReference; lastKnownFileType = file; path = "Roboto-Medium.ttf"; sourceTree = "<group>"; };
		374B61511B6EAC4900A40985 /* Roboto-Regular.ttf */ = {isa = PBXFileReference; lastKnownFileType = file; path = "Roboto-Regular.ttf"; sourceTree = "<group>"; };
		374B61521B6EAC4900A40985 /* Roboto-Thin.ttf */ = {isa = PBXFileReference; lastKnownFileType = file; path = "Roboto-Thin.ttf"; sourceTree = "<group>"; };
		374B61541B6EAC4900A40985 /* list.pdf */ = {isa = PBXFileReference; lastKnownFileType = image.pdf; path = list.pdf; sourceTree = "<group>"; };
		374B61551B6EAC4900A40985 /* map.pdf */ = {isa = PBXFileReference; lastKnownFileType = image.pdf; path = map.pdf; sourceTree = "<group>"; };
		374B61561B6EAC4900A40985 /* OnTheMap_1024.png */ = {isa = PBXFileReference; lastKnownFileType = image.png; path = OnTheMap_1024.png; sourceTree = "<group>"; };
		374B61571B6EAC4900A40985 /* OnTheMap_120.png */ = {isa = PBXFileReference; lastKnownFileType = image.png; path = OnTheMap_120.png; sourceTree = "<group>"; };
		374B61581B6EAC4900A40985 /* OnTheMap_152.png */ = {isa = PBXFileReference; lastKnownFileType = image.png; path = OnTheMap_152.png; sourceTree = "<group>"; };
		374B61591B6EAC4900A40985 /* OnTheMap_180.png */ = {isa = PBXFileReference; lastKnownFileType = image.png; path = OnTheMap_180.png; sourceTree = "<group>"; };
		374B615A1B6EAC4900A40985 /* OnTheMap_29.png */ = {isa = PBXFileReference; lastKnownFileType = image.png; path = OnTheMap_29.png; sourceTree = "<group>"; };
		374B615B1B6EAC4900A40985 /* OnTheMap_40.png */ = {isa = PBXFileReference; lastKnownFileType = image.png; path = OnTheMap_40.png; sourceTree = "<group>"; };
		374B615C1B6EAC4900A40985 /* OnTheMap_512.png */ = {isa = PBXFileReference; lastKnownFileType = image.png; path = OnTheMap_512.png; sourceTree = "<group>"; };
		374B615D1B6EAC4900A40985 /* OnTheMap_58.png */ = {isa = PBXFileReference; lastKnownFileType = image.png; path = OnTheMap_58.png; sourceTree = "<group>"; };
		374B615E1B6EAC4900A40985 /* OnTheMap_76.png */ = {isa = PBXFileReference; lastKnownFileType = image.png; path = OnTheMap_76.png; sourceTree = "<group>"; };
		374B615F1B6EAC4900A40985 /* OnTheMap_80.png */ = {isa = PBXFileReference; lastKnownFileType = image.png; path = OnTheMap_80.png; sourceTree = "<group>"; };
		374B61601B6EAC4900A40985 /* pin.pdf */ = {isa = PBXFileReference; lastKnownFileType = image.pdf; path = pin.pdf; sourceTree = "<group>"; };
		374B61611B6EAC4900A40985 /* udacity.pdf */ = {isa = PBXFileReference; lastKnownFileType = image.pdf; path = udacity.pdf; sourceTree = "<group>"; };
		377F40B71B70D32A000B8A38 /* UdacityConstants.swift */ = {isa = PBXFileReference; fileEncoding = 4; lastKnownFileType = sourcecode.swift; path = UdacityConstants.swift; sourceTree = "<group>"; };
		377F40B91B70D398000B8A38 /* UdacityClient.swift */ = {isa = PBXFileReference; fileEncoding = 4; lastKnownFileType = sourcecode.swift; path = UdacityClient.swift; sourceTree = "<group>"; };
		3790632E1B72A47F00EABF2C /* Bolts.framework */ = {isa = PBXFileReference; lastKnownFileType = wrapper.framework; path = Bolts.framework; sourceTree = "<group>"; };
		3790632F1B72A47F00EABF2C /* Parse.framework */ = {isa = PBXFileReference; lastKnownFileType = wrapper.framework; path = Parse.framework; sourceTree = "<group>"; };
		379063301B72A47F00EABF2C /* ParseCrashReporting.framework */ = {isa = PBXFileReference; lastKnownFileType = wrapper.framework; path = ParseCrashReporting.framework; sourceTree = "<group>"; };
		379063311B72A47F00EABF2C /* ParseFacebookUtils.framework */ = {isa = PBXFileReference; lastKnownFileType = wrapper.framework; path = ParseFacebookUtils.framework; sourceTree = "<group>"; };
		379063321B72A47F00EABF2C /* ParseFacebookUtilsV4.framework */ = {isa = PBXFileReference; lastKnownFileType = wrapper.framework; path = ParseFacebookUtilsV4.framework; sourceTree = "<group>"; };
		379063331B72A47F00EABF2C /* ParseUI.framework */ = {isa = PBXFileReference; lastKnownFileType = wrapper.framework; path = ParseUI.framework; sourceTree = "<group>"; };
		379063401B72A4D400EABF2C /* AudioToolbox.framework */ = {isa = PBXFileReference; lastKnownFileType = wrapper.framework; name = AudioToolbox.framework; path = System/Library/Frameworks/AudioToolbox.framework; sourceTree = SDKROOT; };
		379063421B72A4D900EABF2C /* CFNetwork.framework */ = {isa = PBXFileReference; lastKnownFileType = wrapper.framework; name = CFNetwork.framework; path = System/Library/Frameworks/CFNetwork.framework; sourceTree = SDKROOT; };
		379063441B72A4E000EABF2C /* CoreGraphics.framework */ = {isa = PBXFileReference; lastKnownFileType = wrapper.framework; name = CoreGraphics.framework; path = System/Library/Frameworks/CoreGraphics.framework; sourceTree = SDKROOT; };
		379063461B72A4EA00EABF2C /* CoreLocation.framework */ = {isa = PBXFileReference; lastKnownFileType = wrapper.framework; name = CoreLocation.framework; path = System/Library/Frameworks/CoreLocation.framework; sourceTree = SDKROOT; };
		379063481B72A4F600EABF2C /* QuartzCore.framework */ = {isa = PBXFileReference; lastKnownFileType = wrapper.framework; name = QuartzCore.framework; path = System/Library/Frameworks/QuartzCore.framework; sourceTree = SDKROOT; };
		3790634A1B72A50100EABF2C /* Security.framework */ = {isa = PBXFileReference; lastKnownFileType = wrapper.framework; name = Security.framework; path = System/Library/Frameworks/Security.framework; sourceTree = SDKROOT; };
		3790634C1B72A50800EABF2C /* StoreKit.framework */ = {isa = PBXFileReference; lastKnownFileType = wrapper.framework; name = StoreKit.framework; path = System/Library/Frameworks/StoreKit.framework; sourceTree = SDKROOT; };
		3790634E1B72A51200EABF2C /* SystemConfiguration.framework */ = {isa = PBXFileReference; lastKnownFileType = wrapper.framework; name = SystemConfiguration.framework; path = System/Library/Frameworks/SystemConfiguration.framework; sourceTree = SDKROOT; };
		379063501B72A51B00EABF2C /* libz.dylib */ = {isa = PBXFileReference; lastKnownFileType = "compiled.mach-o.dylib"; name = libz.dylib; path = usr/lib/libz.dylib; sourceTree = SDKROOT; };
		379063521B72A52400EABF2C /* libsqlite3.dylib */ = {isa = PBXFileReference; lastKnownFileType = "compiled.mach-o.dylib"; name = libsqlite3.dylib; path = usr/lib/libsqlite3.dylib; sourceTree = SDKROOT; };
		379063601B72F71C00EABF2C /* UdacityUser.swift */ = {isa = PBXFileReference; fileEncoding = 4; lastKnownFileType = sourcecode.swift; path = UdacityUser.swift; sourceTree = "<group>"; };
		37A749D41B73106D00ACE6DA /* Object_Class_Tests.swift */ = {isa = PBXFileReference; fileEncoding = 4; lastKnownFileType = sourcecode.swift; path = Object_Class_Tests.swift; sourceTree = "<group>"; };
		37A749D61B73842800ACE6DA /* StudentLocation.swift */ = {isa = PBXFileReference; fileEncoding = 4; lastKnownFileType = sourcecode.swift; path = StudentLocation.swift; sourceTree = "<group>"; };
		37A749DA1B73889400ACE6DA /* Parse_Tests.swift */ = {isa = PBXFileReference; fileEncoding = 4; lastKnownFileType = sourcecode.swift; path = Parse_Tests.swift; sourceTree = "<group>"; };
		37EF161C1B713FDD0088F6FC /* On The Map Tests.xctest */ = {isa = PBXFileReference; explicitFileType = wrapper.cfbundle; includeInIndex = 0; path = "On The Map Tests.xctest"; sourceTree = BUILT_PRODUCTS_DIR; };
		37EF161F1B713FDD0088F6FC /* Info.plist */ = {isa = PBXFileReference; lastKnownFileType = text.plist.xml; path = Info.plist; sourceTree = "<group>"; };
		37EF16201B713FDD0088F6FC /* On_The_Map_Tests.swift */ = {isa = PBXFileReference; lastKnownFileType = sourcecode.swift; path = On_The_Map_Tests.swift; sourceTree = "<group>"; };
		37EF16331B715A810088F6FC /* ClientAPILibrary.swift */ = {isa = PBXFileReference; fileEncoding = 4; lastKnownFileType = sourcecode.swift; path = ClientAPILibrary.swift; sourceTree = "<group>"; };
		37F1EA971B74D4E4006AF3BF /* ParseClient.swift */ = {isa = PBXFileReference; fileEncoding = 4; lastKnownFileType = sourcecode.swift; path = ParseClient.swift; sourceTree = "<group>"; };
/* End PBXFileReference section */

/* Begin PBXFrameworksBuildPhase section */
		374B611E1B6EA61D00A40985 /* Frameworks */ = {
			isa = PBXFrameworksBuildPhase;
			buildActionMask = 2147483647;
			files = (
				379063531B72A52400EABF2C /* libsqlite3.dylib in Frameworks */,
				379063511B72A51B00EABF2C /* libz.dylib in Frameworks */,
				3790634F1B72A51200EABF2C /* SystemConfiguration.framework in Frameworks */,
				3790634D1B72A50800EABF2C /* StoreKit.framework in Frameworks */,
				3790634B1B72A50100EABF2C /* Security.framework in Frameworks */,
				379063491B72A4F600EABF2C /* QuartzCore.framework in Frameworks */,
				379063471B72A4EA00EABF2C /* CoreLocation.framework in Frameworks */,
				379063451B72A4E000EABF2C /* CoreGraphics.framework in Frameworks */,
				379063431B72A4DA00EABF2C /* CFNetwork.framework in Frameworks */,
				379063411B72A4D400EABF2C /* AudioToolbox.framework in Frameworks */,
				3790633E1B72A47F00EABF2C /* ParseUI.framework in Frameworks */,
				379063361B72A47F00EABF2C /* Parse.framework in Frameworks */,
				379063381B72A47F00EABF2C /* ParseCrashReporting.framework in Frameworks */,
				3790633A1B72A47F00EABF2C /* ParseFacebookUtils.framework in Frameworks */,
				379063341B72A47F00EABF2C /* Bolts.framework in Frameworks */,
				3790633C1B72A47F00EABF2C /* ParseFacebookUtilsV4.framework in Frameworks */,
			);
			runOnlyForDeploymentPostprocessing = 0;
		};
		37EF16191B713FDD0088F6FC /* Frameworks */ = {
			isa = PBXFrameworksBuildPhase;
			buildActionMask = 2147483647;
			files = (
				3790635D1B72A6BB00EABF2C /* libsqlite3.dylib in Frameworks */,
				3790635C1B72A6B500EABF2C /* libz.dylib in Frameworks */,
				3790635B1B72A6AF00EABF2C /* SystemConfiguration.framework in Frameworks */,
				3790635A1B72A6A900EABF2C /* StoreKit.framework in Frameworks */,
				379063591B72A6A400EABF2C /* Security.framework in Frameworks */,
				379063581B72A69F00EABF2C /* QuartzCore.framework in Frameworks */,
				379063571B72A69B00EABF2C /* CoreLocation.framework in Frameworks */,
				379063561B72A69600EABF2C /* CoreGraphics.framework in Frameworks */,
				379063551B72A69100EABF2C /* CFNetwork.framework in Frameworks */,
				379063541B72A68A00EABF2C /* AudioToolbox.framework in Frameworks */,
				3790633F1B72A47F00EABF2C /* ParseUI.framework in Frameworks */,
				379063371B72A47F00EABF2C /* Parse.framework in Frameworks */,
				379063391B72A47F00EABF2C /* ParseCrashReporting.framework in Frameworks */,
				3790633B1B72A47F00EABF2C /* ParseFacebookUtils.framework in Frameworks */,
				379063351B72A47F00EABF2C /* Bolts.framework in Frameworks */,
				3790633D1B72A47F00EABF2C /* ParseFacebookUtilsV4.framework in Frameworks */,
			);
			runOnlyForDeploymentPostprocessing = 0;
		};
/* End PBXFrameworksBuildPhase section */

/* Begin PBXGroup section */
		374B61181B6EA61D00A40985 = {
			isa = PBXGroup;
			children = (
				374B61231B6EA61D00A40985 /* On The Map */,
				37EF161D1B713FDD0088F6FC /* On The Map Tests */,
				374B61221B6EA61D00A40985 /* Products */,
			);
			sourceTree = "<group>";
		};
		374B61221B6EA61D00A40985 /* Products */ = {
			isa = PBXGroup;
			children = (
				374B61211B6EA61D00A40985 /* On The Map.app */,
				37EF161C1B713FDD0088F6FC /* On The Map Tests.xctest */,
			);
			name = Products;
			sourceTree = "<group>";
		};
		374B61231B6EA61D00A40985 /* On The Map */ = {
			isa = PBXGroup;
			children = (
				374B61261B6EA61D00A40985 /* AppDelegate.swift */,
				374B61481B6EA8F900A40985 /* Controllers */,
				374B61471B6EA8F200A40985 /* Views */,
				374B61461B6EA8EA00A40985 /* Models */,
				374B61241B6EA61D00A40985 /* Supporting Files */,
			);
			path = "On The Map";
			sourceTree = "<group>";
		};
		374B61241B6EA61D00A40985 /* Supporting Files */ = {
			isa = PBXGroup;
			children = (
				371EBBD71B8976000002D58A /* HRToast+UIView.swift */,
				3738B9341B8510FC0046E47D /* MapPlayground.playground */,
				379063521B72A52400EABF2C /* libsqlite3.dylib */,
				379063501B72A51B00EABF2C /* libz.dylib */,
				3790632D1B72A47F00EABF2C /* parse-library-1.7.5 */,
				3790634E1B72A51200EABF2C /* SystemConfiguration.framework */,
				3790634C1B72A50800EABF2C /* StoreKit.framework */,
				3790634A1B72A50100EABF2C /* Security.framework */,
				379063481B72A4F600EABF2C /* QuartzCore.framework */,
				379063461B72A4EA00EABF2C /* CoreLocation.framework */,
				379063441B72A4E000EABF2C /* CoreGraphics.framework */,
				379063421B72A4D900EABF2C /* CFNetwork.framework */,
				379063401B72A4D400EABF2C /* AudioToolbox.framework */,
				374B61531B6EAC4900A40985 /* images */,
				374B612D1B6EA61D00A40985 /* Images.xcassets */,
				374B61251B6EA61D00A40985 /* Info.plist */,
			);
			name = "Supporting Files";
			sourceTree = "<group>";
		};
		374B61461B6EA8EA00A40985 /* Models */ = {
			isa = PBXGroup;
			children = (
				37EF16331B715A810088F6FC /* ClientAPILibrary.swift */,
				377F40B61B70D318000B8A38 /* Parse */,
				377F40B51B70D311000B8A38 /* Udacity */,
			);
			name = Models;
			sourceTree = "<group>";
		};
		374B61471B6EA8F200A40985 /* Views */ = {
			isa = PBXGroup;
			children = (
				374B61491B6EAA3400A40985 /* Storyboards */,
			);
			name = Views;
			sourceTree = "<group>";
		};
		374B61481B6EA8F900A40985 /* Controllers */ = {
			isa = PBXGroup;
			children = (
				374B61281B6EA61D00A40985 /* LoginViewController.swift */,
				371798FF1B81723200849151 /* LocationTableViewController.swift */,
				371799011B8175D300849151 /* LocationTableViewCell.swift */,
				371799031B83A13C00849151 /* MapViewController.swift */,
				3738B9321B83D9D70046E47D /* AddLocationViewController.swift */,
				3738B9351B852A500046E47D /* GetLinkViewController.swift */,
				371EBBD91B8D3B8B0002D58A /* UIViewControllerExtension.swift */,
			);
			name = Controllers;
			sourceTree = "<group>";
		};
		374B61491B6EAA3400A40985 /* Storyboards */ = {
			isa = PBXGroup;
			children = (
				374B612A1B6EA61D00A40985 /* Main.storyboard */,
				374B612F1B6EA61D00A40985 /* LaunchScreen.xib */,
			);
			name = Storyboards;
			sourceTree = "<group>";
		};
		374B614F1B6EAC4900A40985 /* fonts */ = {
			isa = PBXGroup;
			children = (
				374B61501B6EAC4900A40985 /* Roboto-Medium.ttf */,
				374B61511B6EAC4900A40985 /* Roboto-Regular.ttf */,
				374B61521B6EAC4900A40985 /* Roboto-Thin.ttf */,
			);
			name = fonts;
			path = ../fonts;
			sourceTree = "<group>";
		};
		374B61531B6EAC4900A40985 /* images */ = {
			isa = PBXGroup;
			children = (
				374B614F1B6EAC4900A40985 /* fonts */,
				374B61541B6EAC4900A40985 /* list.pdf */,
				374B61551B6EAC4900A40985 /* map.pdf */,
				374B61561B6EAC4900A40985 /* OnTheMap_1024.png */,
				374B61571B6EAC4900A40985 /* OnTheMap_120.png */,
				374B61581B6EAC4900A40985 /* OnTheMap_152.png */,
				374B61591B6EAC4900A40985 /* OnTheMap_180.png */,
				374B615A1B6EAC4900A40985 /* OnTheMap_29.png */,
				374B615B1B6EAC4900A40985 /* OnTheMap_40.png */,
				374B615C1B6EAC4900A40985 /* OnTheMap_512.png */,
				374B615D1B6EAC4900A40985 /* OnTheMap_58.png */,
				374B615E1B6EAC4900A40985 /* OnTheMap_76.png */,
				374B615F1B6EAC4900A40985 /* OnTheMap_80.png */,
				374B61601B6EAC4900A40985 /* pin.pdf */,
				374B61611B6EAC4900A40985 /* udacity.pdf */,
			);
			path = images;
			sourceTree = "<group>";
		};
		377F40B51B70D311000B8A38 /* Udacity */ = {
			isa = PBXGroup;
			children = (
				377F40B71B70D32A000B8A38 /* UdacityConstants.swift */,
				377F40B91B70D398000B8A38 /* UdacityClient.swift */,
				379063601B72F71C00EABF2C /* UdacityUser.swift */,
			);
			name = Udacity;
			sourceTree = "<group>";
		};
		377F40B61B70D318000B8A38 /* Parse */ = {
			isa = PBXGroup;
			children = (
				37A749D61B73842800ACE6DA /* StudentLocation.swift */,
				37F1EA971B74D4E4006AF3BF /* ParseClient.swift */,
			);
			name = Parse;
			sourceTree = "<group>";
		};
		3790632D1B72A47F00EABF2C /* parse-library-1.7.5 */ = {
			isa = PBXGroup;
			children = (
				3790632E1B72A47F00EABF2C /* Bolts.framework */,
				3790632F1B72A47F00EABF2C /* Parse.framework */,
				379063301B72A47F00EABF2C /* ParseCrashReporting.framework */,
				379063311B72A47F00EABF2C /* ParseFacebookUtils.framework */,
				379063321B72A47F00EABF2C /* ParseFacebookUtilsV4.framework */,
				379063331B72A47F00EABF2C /* ParseUI.framework */,
			);
			name = "parse-library-1.7.5";
			path = "../parse-library-1.7.5";
			sourceTree = "<group>";
		};
		37EF161D1B713FDD0088F6FC /* On The Map Tests */ = {
			isa = PBXGroup;
			children = (
				37A749DA1B73889400ACE6DA /* Parse_Tests.swift */,
				37A749D41B73106D00ACE6DA /* Object_Class_Tests.swift */,
				37EF16201B713FDD0088F6FC /* On_The_Map_Tests.swift */,
				37EF161E1B713FDD0088F6FC /* Supporting Files */,
			);
			path = "On The Map Tests";
			sourceTree = "<group>";
		};
		37EF161E1B713FDD0088F6FC /* Supporting Files */ = {
			isa = PBXGroup;
			children = (
				37EF161F1B713FDD0088F6FC /* Info.plist */,
			);
			name = "Supporting Files";
			sourceTree = "<group>";
		};
/* End PBXGroup section */

/* Begin PBXNativeTarget section */
		374B61201B6EA61D00A40985 /* On The Map */ = {
			isa = PBXNativeTarget;
			buildConfigurationList = 374B61401B6EA61D00A40985 /* Build configuration list for PBXNativeTarget "On The Map" */;
			buildPhases = (
				374B611D1B6EA61D00A40985 /* Sources */,
				374B611E1B6EA61D00A40985 /* Frameworks */,
				374B611F1B6EA61D00A40985 /* Resources */,
			);
			buildRules = (
			);
			dependencies = (
			);
			name = "On The Map";
			productName = "On The Map";
			productReference = 374B61211B6EA61D00A40985 /* On The Map.app */;
			productType = "com.apple.product-type.application";
		};
		37EF161B1B713FDD0088F6FC /* On The Map Tests */ = {
			isa = PBXNativeTarget;
			buildConfigurationList = 37EF16241B713FDD0088F6FC /* Build configuration list for PBXNativeTarget "On The Map Tests" */;
			buildPhases = (
				37EF16181B713FDD0088F6FC /* Sources */,
				37EF16191B713FDD0088F6FC /* Frameworks */,
				37EF161A1B713FDD0088F6FC /* Resources */,
			);
			buildRules = (
			);
			dependencies = (
				374678A91B87429F0072D4CD /* PBXTargetDependency */,
			);
			name = "On The Map Tests";
			productName = "On The Map Tests";
			productReference = 37EF161C1B713FDD0088F6FC /* On The Map Tests.xctest */;
			productType = "com.apple.product-type.bundle.unit-test";
		};
/* End PBXNativeTarget section */

/* Begin PBXProject section */
		374B61191B6EA61D00A40985 /* Project object */ = {
			isa = PBXProject;
			attributes = {
				LastUpgradeCheck = 0640;
				ORGANIZATIONNAME = codingvirtual;
				TargetAttributes = {
					374B61201B6EA61D00A40985 = {
						CreatedOnToolsVersion = 6.4;
					};
					37EF161B1B713FDD0088F6FC = {
						CreatedOnToolsVersion = 6.4;
						TestTargetID = 374B61201B6EA61D00A40985;
					};
				};
			};
			buildConfigurationList = 374B611C1B6EA61D00A40985 /* Build configuration list for PBXProject "On The Map" */;
			compatibilityVersion = "Xcode 3.2";
			developmentRegion = English;
			hasScannedForEncodings = 0;
			knownRegions = (
				en,
				Base,
			);
			mainGroup = 374B61181B6EA61D00A40985;
			productRefGroup = 374B61221B6EA61D00A40985 /* Products */;
			projectDirPath = "";
			projectRoot = "";
			targets = (
				374B61201B6EA61D00A40985 /* On The Map */,
				37EF161B1B713FDD0088F6FC /* On The Map Tests */,
			);
		};
/* End PBXProject section */

/* Begin PBXResourcesBuildPhase section */
		374B611F1B6EA61D00A40985 /* Resources */ = {
			isa = PBXResourcesBuildPhase;
			buildActionMask = 2147483647;
			files = (
				374B61621B6EAC4900A40985 /* Roboto-Medium.ttf in Resources */,
				374B616F1B6EAC4900A40985 /* OnTheMap_76.png in Resources */,
				374B612C1B6EA61D00A40985 /* Main.storyboard in Resources */,
				374B61641B6EAC4900A40985 /* Roboto-Thin.ttf in Resources */,
				374B61631B6EAC4900A40985 /* Roboto-Regular.ttf in Resources */,
				374B61711B6EAC4900A40985 /* pin.pdf in Resources */,
				374B616B1B6EAC4900A40985 /* OnTheMap_29.png in Resources */,
				374B61671B6EAC4900A40985 /* OnTheMap_1024.png in Resources */,
				374B61681B6EAC4900A40985 /* OnTheMap_120.png in Resources */,
				374B61651B6EAC4900A40985 /* list.pdf in Resources */,
				374B616A1B6EAC4900A40985 /* OnTheMap_180.png in Resources */,
				374B61661B6EAC4900A40985 /* map.pdf in Resources */,
				374B616E1B6EAC4900A40985 /* OnTheMap_58.png in Resources */,
				374B616D1B6EAC4900A40985 /* OnTheMap_512.png in Resources */,
				374B61721B6EAC4900A40985 /* udacity.pdf in Resources */,
				374B61701B6EAC4900A40985 /* OnTheMap_80.png in Resources */,
				374B61311B6EA61D00A40985 /* LaunchScreen.xib in Resources */,
				374B61691B6EAC4900A40985 /* OnTheMap_152.png in Resources */,
				374B612E1B6EA61D00A40985 /* Images.xcassets in Resources */,
				374B616C1B6EAC4900A40985 /* OnTheMap_40.png in Resources */,
			);
			runOnlyForDeploymentPostprocessing = 0;
		};
		37EF161A1B713FDD0088F6FC /* Resources */ = {
			isa = PBXResourcesBuildPhase;
			buildActionMask = 2147483647;
			files = (
			);
			runOnlyForDeploymentPostprocessing = 0;
		};
/* End PBXResourcesBuildPhase section */

/* Begin PBXSourcesBuildPhase section */
		374B611D1B6EA61D00A40985 /* Sources */ = {
			isa = PBXSourcesBuildPhase;
			buildActionMask = 2147483647;
			files = (
				374B61271B6EA61D00A40985 /* AppDelegate.swift in Sources */,
				377F40B81B70D32A000B8A38 /* UdacityConstants.swift in Sources */,
				379063611B72F71C00EABF2C /* UdacityUser.swift in Sources */,
				371EBBDA1B8D3B8B0002D58A /* UIViewControllerExtension.swift in Sources */,
				377F40BA1B70D398000B8A38 /* UdacityClient.swift in Sources */,
				3790635F1B72F2EF00EABF2C /* ClientAPILibrary.swift in Sources */,
				37F1EA981B74D4E4006AF3BF /* ParseClient.swift in Sources */,
				374B61291B6EA61D00A40985 /* LoginViewController.swift in Sources */,
				37A749D71B73842800ACE6DA /* StudentLocation.swift in Sources */,
				3738B9331B83D9D70046E47D /* AddLocationViewController.swift in Sources */,
				3738B9361B852A500046E47D /* GetLinkViewController.swift in Sources */,
				371EBBD81B8976000002D58A /* HRToast+UIView.swift in Sources */,
				371799041B83A13C00849151 /* MapViewController.swift in Sources */,
				371799021B8175D300849151 /* LocationTableViewCell.swift in Sources */,
				371799001B81723200849151 /* LocationTableViewController.swift in Sources */,
			);
			runOnlyForDeploymentPostprocessing = 0;
		};
		37EF16181B713FDD0088F6FC /* Sources */ = {
			isa = PBXSourcesBuildPhase;
			buildActionMask = 2147483647;
			files = (
				3772023C1B88F6C6008312AB /* AppDelegate.swift in Sources */,
				371798FE1B815D9E00849151 /* ParseClient.swift in Sources */,
				37A749DC1B7389F300ACE6DA /* StudentLocation.swift in Sources */,
				3790635E1B72F2E700EABF2C /* ClientAPILibrary.swift in Sources */,
				37A749D51B73106D00ACE6DA /* Object_Class_Tests.swift in Sources */,
				37EF162F1B7142CC0088F6FC /* UdacityConstants.swift in Sources */,
				379063621B72F71C00EABF2C /* UdacityUser.swift in Sources */,
				37EF16301B7142CC0088F6FC /* UdacityClient.swift in Sources */,
				37A749DB1B73889400ACE6DA /* Parse_Tests.swift in Sources */,
				37EF16211B713FDD0088F6FC /* On_The_Map_Tests.swift in Sources */,
			);
			runOnlyForDeploymentPostprocessing = 0;
		};
/* End PBXSourcesBuildPhase section */

/* Begin PBXTargetDependency section */
		374678A91B87429F0072D4CD /* PBXTargetDependency */ = {
			isa = PBXTargetDependency;
			target = 374B61201B6EA61D00A40985 /* On The Map */;
			targetProxy = 374678A81B87429F0072D4CD /* PBXContainerItemProxy */;
		};
/* End PBXTargetDependency section */

/* Begin PBXVariantGroup section */
		374B612A1B6EA61D00A40985 /* Main.storyboard */ = {
			isa = PBXVariantGroup;
			children = (
				374B612B1B6EA61D00A40985 /* Base */,
			);
			name = Main.storyboard;
			sourceTree = "<group>";
		};
		374B612F1B6EA61D00A40985 /* LaunchScreen.xib */ = {
			isa = PBXVariantGroup;
			children = (
				374B61301B6EA61D00A40985 /* Base */,
			);
			name = LaunchScreen.xib;
			sourceTree = "<group>";
		};
/* End PBXVariantGroup section */

/* Begin XCBuildConfiguration section */
		374B613E1B6EA61D00A40985 /* Debug */ = {
			isa = XCBuildConfiguration;
			buildSettings = {
				ALWAYS_SEARCH_USER_PATHS = NO;
				CLANG_CXX_LANGUAGE_STANDARD = "gnu++0x";
				CLANG_CXX_LIBRARY = "libc++";
				CLANG_ENABLE_MODULES = YES;
				CLANG_ENABLE_OBJC_ARC = YES;
				CLANG_WARN_BOOL_CONVERSION = YES;
				CLANG_WARN_CONSTANT_CONVERSION = YES;
				CLANG_WARN_DIRECT_OBJC_ISA_USAGE = YES_ERROR;
				CLANG_WARN_EMPTY_BODY = YES;
				CLANG_WARN_ENUM_CONVERSION = YES;
				CLANG_WARN_INT_CONVERSION = YES;
				CLANG_WARN_OBJC_ROOT_CLASS = YES_ERROR;
				CLANG_WARN_UNREACHABLE_CODE = YES;
				CLANG_WARN__DUPLICATE_METHOD_MATCH = YES;
				"CODE_SIGN_IDENTITY[sdk=iphoneos*]" = "iPhone Developer";
				COPY_PHASE_STRIP = NO;
				DEBUG_INFORMATION_FORMAT = "dwarf-with-dsym";
				ENABLE_STRICT_OBJC_MSGSEND = YES;
				GCC_C_LANGUAGE_STANDARD = gnu99;
				GCC_DYNAMIC_NO_PIC = NO;
				GCC_NO_COMMON_BLOCKS = YES;
				GCC_OPTIMIZATION_LEVEL = 0;
				GCC_PREPROCESSOR_DEFINITIONS = (
					"DEBUG=1",
					"$(inherited)",
				);
				GCC_SYMBOLS_PRIVATE_EXTERN = NO;
				GCC_WARN_64_TO_32_BIT_CONVERSION = YES;
				GCC_WARN_ABOUT_RETURN_TYPE = YES_ERROR;
				GCC_WARN_UNDECLARED_SELECTOR = YES;
				GCC_WARN_UNINITIALIZED_AUTOS = YES_AGGRESSIVE;
				GCC_WARN_UNUSED_FUNCTION = YES;
				GCC_WARN_UNUSED_VARIABLE = YES;
				IPHONEOS_DEPLOYMENT_TARGET = 8.4;
				MTL_ENABLE_DEBUG_INFO = YES;
				ONLY_ACTIVE_ARCH = YES;
				SDKROOT = iphoneos;
				SWIFT_OPTIMIZATION_LEVEL = "-Onone";
			};
			name = Debug;
		};
		374B613F1B6EA61D00A40985 /* Release */ = {
			isa = XCBuildConfiguration;
			buildSettings = {
				ALWAYS_SEARCH_USER_PATHS = NO;
				CLANG_CXX_LANGUAGE_STANDARD = "gnu++0x";
				CLANG_CXX_LIBRARY = "libc++";
				CLANG_ENABLE_MODULES = YES;
				CLANG_ENABLE_OBJC_ARC = YES;
				CLANG_WARN_BOOL_CONVERSION = YES;
				CLANG_WARN_CONSTANT_CONVERSION = YES;
				CLANG_WARN_DIRECT_OBJC_ISA_USAGE = YES_ERROR;
				CLANG_WARN_EMPTY_BODY = YES;
				CLANG_WARN_ENUM_CONVERSION = YES;
				CLANG_WARN_INT_CONVERSION = YES;
				CLANG_WARN_OBJC_ROOT_CLASS = YES_ERROR;
				CLANG_WARN_UNREACHABLE_CODE = YES;
				CLANG_WARN__DUPLICATE_METHOD_MATCH = YES;
				"CODE_SIGN_IDENTITY[sdk=iphoneos*]" = "iPhone Developer";
				COPY_PHASE_STRIP = NO;
				DEBUG_INFORMATION_FORMAT = "dwarf-with-dsym";
				ENABLE_NS_ASSERTIONS = NO;
				ENABLE_STRICT_OBJC_MSGSEND = YES;
				GCC_C_LANGUAGE_STANDARD = gnu99;
				GCC_NO_COMMON_BLOCKS = YES;
				GCC_WARN_64_TO_32_BIT_CONVERSION = YES;
				GCC_WARN_ABOUT_RETURN_TYPE = YES_ERROR;
				GCC_WARN_UNDECLARED_SELECTOR = YES;
				GCC_WARN_UNINITIALIZED_AUTOS = YES_AGGRESSIVE;
				GCC_WARN_UNUSED_FUNCTION = YES;
				GCC_WARN_UNUSED_VARIABLE = YES;
				IPHONEOS_DEPLOYMENT_TARGET = 8.4;
				MTL_ENABLE_DEBUG_INFO = NO;
				SDKROOT = iphoneos;
				VALIDATE_PRODUCT = YES;
			};
			name = Release;
		};
		374B61411B6EA61D00A40985 /* Debug */ = {
			isa = XCBuildConfiguration;
			buildSettings = {
				ASSETCATALOG_COMPILER_APPICON_NAME = AppIcon;
				FRAMEWORK_SEARCH_PATHS = (
					"$(inherited)",
					"$(PROJECT_DIR)/parse-library-1.7.5",
				);
				INFOPLIST_FILE = "On The Map/Info.plist";
				LD_RUNPATH_SEARCH_PATHS = "$(inherited) @executable_path/Frameworks";
				PRODUCT_NAME = "$(TARGET_NAME)";
			};
			name = Debug;
		};
		374B61421B6EA61D00A40985 /* Release */ = {
			isa = XCBuildConfiguration;
			buildSettings = {
				ASSETCATALOG_COMPILER_APPICON_NAME = AppIcon;
				FRAMEWORK_SEARCH_PATHS = (
					"$(inherited)",
					"$(PROJECT_DIR)/parse-library-1.7.5",
				);
				INFOPLIST_FILE = "On The Map/Info.plist";
				LD_RUNPATH_SEARCH_PATHS = "$(inherited) @executable_path/Frameworks";
				PRODUCT_NAME = "$(TARGET_NAME)";
			};
			name = Release;
		};
		37EF16251B713FDD0088F6FC /* Debug */ = {
			isa = XCBuildConfiguration;
			buildSettings = {
				BUNDLE_LOADER = "$(TEST_HOST)";
				CODE_SIGN_IDENTITY = "iPhone Developer: Greg Palen (G35HZLB548)";
				DEAD_CODE_STRIPPING = NO;
				EMBEDDED_CONTENT_CONTAINS_SWIFT = YES;
				FRAMEWORK_SEARCH_PATHS = (
					"$(SDKROOT)/Developer/Library/Frameworks",
					"$(inherited)",
					"$(PROJECT_DIR)/parse-library-1.7.5",
				);
				GCC_PREPROCESSOR_DEFINITIONS = (
					"DEBUG=1",
					"$(inherited)",
				);
				GENERATE_PKGINFO_FILE = NO;
				INFOPLIST_FILE = "On The Map Tests/Info.plist";
				LD_RUNPATH_SEARCH_PATHS = "$(inherited) @executable_path/Frameworks @loader_path/Frameworks";
				PRODUCT_NAME = "$(TARGET_NAME)";
				SCAN_ALL_SOURCE_FILES_FOR_INCLUDES = YES;
				"SWIFT_INCLUDE_PATHS[arch=*]" = "";
				TEST_HOST = "$(BUILT_PRODUCTS_DIR)/On The Map.app/On The Map";
				VALIDATE_PRODUCT = YES;
			};
			name = Debug;
		};
		37EF16261B713FDD0088F6FC /* Release */ = {
			isa = XCBuildConfiguration;
			buildSettings = {
				BUNDLE_LOADER = "$(TEST_HOST)";
				CODE_SIGN_IDENTITY = "iPhone Developer: Greg Palen (G35HZLB548)";
				DEAD_CODE_STRIPPING = NO;
				EMBEDDED_CONTENT_CONTAINS_SWIFT = YES;
				FRAMEWORK_SEARCH_PATHS = (
					"$(SDKROOT)/Developer/Library/Frameworks",
					"$(inherited)",
					"$(PROJECT_DIR)/parse-library-1.7.5",
				);
				GENERATE_PKGINFO_FILE = NO;
				INFOPLIST_FILE = "On The Map Tests/Info.plist";
				LD_RUNPATH_SEARCH_PATHS = "$(inherited) @executable_path/Frameworks @loader_path/Frameworks";
				PRODUCT_NAME = "$(TARGET_NAME)";
				SCAN_ALL_SOURCE_FILES_FOR_INCLUDES = YES;
				TEST_HOST = "$(BUILT_PRODUCTS_DIR)/On The Map.app/On The Map";
			};
			name = Release;
		};
/* End XCBuildConfiguration section */

/* Begin XCConfigurationList section */
		374B611C1B6EA61D00A40985 /* Build configuration list for PBXProject "On The Map" */ = {
			isa = XCConfigurationList;
			buildConfigurations = (
				374B613E1B6EA61D00A40985 /* Debug */,
				374B613F1B6EA61D00A40985 /* Release */,
			);
			defaultConfigurationIsVisible = 0;
			defaultConfigurationName = Release;
		};
		374B61401B6EA61D00A40985 /* Build configuration list for PBXNativeTarget "On The Map" */ = {
			isa = XCConfigurationList;
			buildConfigurations = (
				374B61411B6EA61D00A40985 /* Debug */,
				374B61421B6EA61D00A40985 /* Release */,
			);
			defaultConfigurationIsVisible = 0;
			defaultConfigurationName = Release;
		};
		37EF16241B713FDD0088F6FC /* Build configuration list for PBXNativeTarget "On The Map Tests" */ = {
			isa = XCConfigurationList;
			buildConfigurations = (
				37EF16251B713FDD0088F6FC /* Debug */,
				37EF16261B713FDD0088F6FC /* Release */,
			);
			defaultConfigurationIsVisible = 0;
			defaultConfigurationName = Release;
		};
/* End XCConfigurationList section */
	};
	rootObject = 374B61191B6EA61D00A40985 /* Project object */;
}
